// !$*UTF8*$!
{
	archiveVersion = 1;
	classes = {
	};
	objectVersion = 46;
	objects = {

/* Begin PBXBuildFile section */
		CED3A95215A92C1D0095EFE5 /* UIKit.framework in Frameworks */ = {isa = PBXBuildFile; fileRef = CED3A95115A92C1D0095EFE5 /* UIKit.framework */; };
		CED3A95415A92C1D0095EFE5 /* Foundation.framework in Frameworks */ = {isa = PBXBuildFile; fileRef = CED3A95315A92C1D0095EFE5 /* Foundation.framework */; };
		CED3A95615A92C1D0095EFE5 /* CoreGraphics.framework in Frameworks */ = {isa = PBXBuildFile; fileRef = CED3A95515A92C1D0095EFE5 /* CoreGraphics.framework */; };
		CED3A95C15A92C1D0095EFE5 /* InfoPlist.strings in Resources */ = {isa = PBXBuildFile; fileRef = CED3A95A15A92C1D0095EFE5 /* InfoPlist.strings */; };
		CED3A95E15A92C1D0095EFE5 /* main.m in Sources */ = {isa = PBXBuildFile; fileRef = CED3A95D15A92C1D0095EFE5 /* main.m */; };
		CED3A96215A92C1D0095EFE5 /* CZAppDelegate.m in Sources */ = {isa = PBXBuildFile; fileRef = CED3A96115A92C1D0095EFE5 /* CZAppDelegate.m */; };
		CED3A96515A92C1D0095EFE5 /* MainStoryboard.storyboard in Resources */ = {isa = PBXBuildFile; fileRef = CED3A96315A92C1D0095EFE5 /* MainStoryboard.storyboard */; };
		CED3A96815A92C1D0095EFE5 /* CZViewController.m in Sources */ = {isa = PBXBuildFile; fileRef = CED3A96715A92C1D0095EFE5 /* CZViewController.m */; };
/* End PBXBuildFile section */

/* Begin PBXFileReference section */
		CED3A94D15A92C1D0095EFE5 /* CZGZ.app */ = {isa = PBXFileReference; explicitFileType = wrapper.application; includeInIndex = 0; path = CZGZ.app; sourceTree = BUILT_PRODUCTS_DIR; };
		CED3A95115A92C1D0095EFE5 /* UIKit.framework */ = {isa = PBXFileReference; lastKnownFileType = wrapper.framework; name = UIKit.framework; path = System/Library/Frameworks/UIKit.framework; sourceTree = SDKROOT; };
		CED3A95315A92C1D0095EFE5 /* Foundation.framework */ = {isa = PBXFileReference; lastKnownFileType = wrapper.framework; name = Foundation.framework; path = System/Library/Frameworks/Foundation.framework; sourceTree = SDKROOT; };
		CED3A95515A92C1D0095EFE5 /* CoreGraphics.framework */ = {isa = PBXFileReference; lastKnownFileType = wrapper.framework; name = CoreGraphics.framework; path = System/Library/Frameworks/CoreGraphics.framework; sourceTree = SDKROOT; };
		CED3A95915A92C1D0095EFE5 /* CZGZ-Info.plist */ = {isa = PBXFileReference; path = "CZGZ-Info.plist"; sourceTree = "<group>"; };
		CED3A95B15A92C1D0095EFE5 /* en */ = {isa = PBXFileReference; lastKnownFileType = text.plist.strings; name = en; path = en.lproj/InfoPlist.strings; sourceTree = "<group>"; };
		CED3A95D15A92C1D0095EFE5 /* main.m */ = {isa = PBXFileReference; lastKnownFileType = sourcecode.c.objc; path = main.m; sourceTree = "<group>"; };
		CED3A95F15A92C1D0095EFE5 /* CZGZ-Prefix.pch */ = {isa = PBXFileReference; path = "CZGZ-Prefix.pch"; sourceTree = "<group>"; };
		CED3A96015A92C1D0095EFE5 /* CZAppDelegate.h */ = {isa = PBXFileReference; path = CZAppDelegate.h; sourceTree = "<group>"; };
		CED3A96115A92C1D0095EFE5 /* CZAppDelegate.m */ = {isa = PBXFileReference; lastKnownFileType = sourcecode.c.objc; path = CZAppDelegate.m; sourceTree = "<group>"; };
		CED3A96415A92C1D0095EFE5 /* en */ = {isa = PBXFileReference; lastKnownFileType = file.storyboard; name = en; path = en.lproj/MainStoryboard.storyboard; sourceTree = "<group>"; };
		CED3A96615A92C1D0095EFE5 /* CZViewController.h */ = {isa = PBXFileReference; path = CZViewController.h; sourceTree = "<group>"; };
		CED3A96715A92C1D0095EFE5 /* CZViewController.m */ = {isa = PBXFileReference; lastKnownFileType = sourcecode.c.objc; path = CZViewController.m; sourceTree = "<group>"; };
/* End PBXFileReference section */

/* Begin PBXFrameworksBuildPhase section */
		CED3A94A15A92C1D0095EFE5 /* Frameworks */ = {
			isa = PBXFrameworksBuildPhase;
			buildActionMask = 2147483647;
			files = (
				CED3A95215A92C1D0095EFE5 /* UIKit.framework in Frameworks */,
				CED3A95415A92C1D0095EFE5 /* Foundation.framework in Frameworks */,
				CED3A95615A92C1D0095EFE5 /* CoreGraphics.framework in Frameworks */,
			);
			runOnlyForDeploymentPostprocessing = 0;
		};
/* End PBXFrameworksBuildPhase section */

/* Begin PBXGroup section */
		CED3A94215A92C1C0095EFE5 = {
			isa = PBXGroup;
			children = (
				CED3A95715A92C1D0095EFE5 /* CZGZ */,
				CED3A95015A92C1D0095EFE5 /* Frameworks */,
				CED3A94E15A92C1D0095EFE5 /* Products */,
			);
			sourceTree = "<group>";
		};
		CED3A94E15A92C1D0095EFE5 /* Products */ = {
			isa = PBXGroup;
			children = (
				CED3A94D15A92C1D0095EFE5 /* CZGZ.app */,
			);
			name = Products;
			sourceTree = "<group>";
		};
		CED3A95015A92C1D0095EFE5 /* Frameworks */ = {
			isa = PBXGroup;
			children = (
				CED3A95115A92C1D0095EFE5 /* UIKit.framework */,
				CED3A95315A92C1D0095EFE5 /* Foundation.framework */,
				CED3A95515A92C1D0095EFE5 /* CoreGraphics.framework */,
			);
			name = Frameworks;
			sourceTree = "<group>";
		};
		CED3A95715A92C1D0095EFE5 /* CZGZ */ = {
			isa = PBXGroup;
			children = (
				CED3A96015A92C1D0095EFE5 /* CZAppDelegate.h */,
				CED3A96115A92C1D0095EFE5 /* CZAppDelegate.m */,
				CED3A96315A92C1D0095EFE5 /* MainStoryboard.storyboard */,
				CED3A96615A92C1D0095EFE5 /* CZViewController.h */,
				CED3A96715A92C1D0095EFE5 /* CZViewController.m */,
				CED3A95815A92C1D0095EFE5 /* Supporting Files */,
			);
			path = CZGZ;
			sourceTree = "<group>";
		};
		CED3A95815A92C1D0095EFE5 /* Supporting Files */ = {
			isa = PBXGroup;
			children = (
				CED3A95915A92C1D0095EFE5 /* CZGZ-Info.plist */,
				CED3A95A15A92C1D0095EFE5 /* InfoPlist.strings */,
				CED3A95D15A92C1D0095EFE5 /* main.m */,
				CED3A95F15A92C1D0095EFE5 /* CZGZ-Prefix.pch */,
			);
			name = "Supporting Files";
			sourceTree = "<group>";
		};
/* End PBXGroup section */

/* Begin PBXNativeTarget section */
		CED3A94C15A92C1D0095EFE5 /* CZGZ */ = {
			isa = PBXNativeTarget;
			buildConfigurationList = CED3A96B15A92C1D0095EFE5 /* Build configuration list for PBXNativeTarget "CZGZ" */;
			buildPhases = (
				CED3A94915A92C1D0095EFE5 /* Sources */,
				CED3A94A15A92C1D0095EFE5 /* Frameworks */,
				CED3A94B15A92C1D0095EFE5 /* Resources */,
			);
			buildRules = (
			);
			dependencies = (
			);
			name = CZGZ;
			productName = CZGZ;
			productReference = CED3A94D15A92C1D0095EFE5 /* CZGZ.app */;
			productType = "com.apple.product-type.application";
		};
/* End PBXNativeTarget section */

/* Begin PBXProject section */
		CED3A94415A92C1C0095EFE5 /* Project object */ = {
			isa = PBXProject;
			attributes = {
				CLASSPREFIX = CZ;
				LastUpgradeCheck = 0430;
			};
			buildConfigurationList = CED3A94715A92C1C0095EFE5 /* Build configuration list for PBXProject "CZGZ" */;
			compatibilityVersion = "Xcode 3.2";
			developmentRegion = English;
			hasScannedForEncodings = 0;
			knownRegions = (
				en,
			);
			mainGroup = CED3A94215A92C1C0095EFE5;
			productRefGroup = CED3A94E15A92C1D0095EFE5 /* Products */;
			projectDirPath = "";
			projectRoot = "";
			targets = (
				CED3A94C15A92C1D0095EFE5 /* CZGZ */,
			);
		};
/* End PBXProject section */

/* Begin PBXResourcesBuildPhase section */
		CED3A94B15A92C1D0095EFE5 /* Resources */ = {
			isa = PBXResourcesBuildPhase;
			buildActionMask = 2147483647;
			files = (
				CED3A95C15A92C1D0095EFE5 /* InfoPlist.strings in Resources */,
				CED3A96515A92C1D0095EFE5 /* MainStoryboard.storyboard in Resources */,
			);
			runOnlyForDeploymentPostprocessing = 0;
		};
/* End PBXResourcesBuildPhase section */

/* Begin PBXSourcesBuildPhase section */
		CED3A94915A92C1D0095EFE5 /* Sources */ = {
			isa = PBXSourcesBuildPhase;
			buildActionMask = 2147483647;
			files = (
				CED3A95E15A92C1D0095EFE5 /* main.m in Sources */,
				CED3A96215A92C1D0095EFE5 /* CZAppDelegate.m in Sources */,
				CED3A96815A92C1D0095EFE5 /* CZViewController.m in Sources */,
			);
			runOnlyForDeploymentPostprocessing = 0;
		};
/* End PBXSourcesBuildPhase section */

/* Begin PBXVariantGroup section */
		CED3A95A15A92C1D0095EFE5 /* InfoPlist.strings */ = {
			isa = PBXVariantGroup;
			children = (
				CED3A95B15A92C1D0095EFE5 /* en */,
			);
			name = InfoPlist.strings;
			sourceTree = "<group>";
		};
		CED3A96315A92C1D0095EFE5 /* MainStoryboard.storyboard */ = {
			isa = PBXVariantGroup;
			children = (
				CED3A96415A92C1D0095EFE5 /* en */,
			);
			name = MainStoryboard.storyboard;
			sourceTree = "<group>";
		};
/* End PBXVariantGroup section */

/* Begin XCBuildConfiguration section */
		CED3A96915A92C1D0095EFE5 /* Debug */ = {
			isa = XCBuildConfiguration;
			buildSettings = {
				ALWAYS_SEARCH_USER_PATHS = NO;
				ARCHS = "$(ARCHS_STANDARD_32_BIT)";
				CLANG_ENABLE_OBJC_ARC = YES;
				"CODE_SIGN_IDENTITY[sdk=iphoneos*]" = "iPhone Developer";
				COPY_PHASE_STRIP = NO;
				GCC_C_LANGUAGE_STANDARD = gnu99;
				GCC_DYNAMIC_NO_PIC = NO;
				GCC_OPTIMIZATION_LEVEL = 0;
				GCC_PREPROCESSOR_DEFINITIONS = (
					"DEBUG=1",
					"$(inherited)",
				);
				GCC_SYMBOLS_PRIVATE_EXTERN = NO;
				GCC_VERSION = com.apple.compilers.llvm.clang.1_0;
				GCC_WARN_ABOUT_RETURN_TYPE = YES;
				GCC_WARN_UNINITIALIZED_AUTOS = YES;
				GCC_WARN_UNUSED_VARIABLE = YES;
				IPHONEOS_DEPLOYMENT_TARGET = 5.1;
				SDKROOT = iphoneos;
				TARGETED_DEVICE_FAMILY = 2;
			};
			name = Debug;
		};
		CED3A96A15A92C1D0095EFE5 /* Release */ = {
			isa = XCBuildConfiguration;
			buildSettings = {
				ALWAYS_SEARCH_USER_PATHS = NO;
				ARCHS = "$(ARCHS_STANDARD_32_BIT)";
				CLANG_ENABLE_OBJC_ARC = YES;
				"CODE_SIGN_IDENTITY[sdk=iphoneos*]" = "iPhone Developer";
				COPY_PHASE_STRIP = YES;
				GCC_C_LANGUAGE_STANDARD = gnu99;
				GCC_VERSION = com.apple.compilers.llvm.clang.1_0;
				GCC_WARN_ABOUT_RETURN_TYPE = YES;
				GCC_WARN_UNINITIALIZED_AUTOS = YES;
				GCC_WARN_UNUSED_VARIABLE = YES;
				IPHONEOS_DEPLOYMENT_TARGET = 5.1;
				OTHER_CFLAGS = "-DNS_BLOCK_ASSERTIONS=1";
				SDKROOT = iphoneos;
				TARGETED_DEVICE_FAMILY = 2;
				VALIDATE_PRODUCT = YES;
			};
			name = Release;
		};
		CED3A96C15A92C1D0095EFE5 /* Debug */ = {
			isa = XCBuildConfiguration;
			buildSettings = {
				GCC_PRECOMPILE_PREFIX_HEADER = YES;
				GCC_PREFIX_HEADER = "CZGZ/CZGZ-Prefix.pch";
				INFOPLIST_FILE = "CZGZ/CZGZ-Info.plist";
				PRODUCT_NAME = "$(TARGET_NAME)";
				WRAPPER_EXTENSION = app;
			};
			name = Debug;
		};
		CED3A96D15A92C1D0095EFE5 /* Release */ = {
			isa = XCBuildConfiguration;
			buildSettings = {
				GCC_PRECOMPILE_PREFIX_HEADER = YES;
				GCC_PREFIX_HEADER = "CZGZ/CZGZ-Prefix.pch";
				INFOPLIST_FILE = "CZGZ/CZGZ-Info.plist";
				PRODUCT_NAME = "$(TARGET_NAME)";
				WRAPPER_EXTENSION = app;
			};
			name = Release;
		};
/* End XCBuildConfiguration section */

/* Begin XCConfigurationList section */
		CED3A94715A92C1C0095EFE5 /* Build configuration list for PBXProject "CZGZ" */ = {
			isa = XCConfigurationList;
			buildConfigurations = (
				CED3A96915A92C1D0095EFE5 /* Debug */,
				CED3A96A15A92C1D0095EFE5 /* Release */,
			);
			defaultConfigurationIsVisible = 0;
			defaultConfigurationName = Release;
		};
		CED3A96B15A92C1D0095EFE5 /* Build configuration list for PBXNativeTarget "CZGZ" */ = {
			isa = XCConfigurationList;
			buildConfigurations = (
				CED3A96C15A92C1D0095EFE5 /* Debug */,
				CED3A96D15A92C1D0095EFE5 /* Release */,
			);
			defaultConfigurationIsVisible = 0;
		};
/* End XCConfigurationList section */
	};
	rootObject = CED3A94415A92C1C0095EFE5 /* Project object */;
}
